
Microsoft Visual Studio Solution File, Format Version 12.00
# Visual Studio 15
VisualStudioVersion = 15.0.27703.2026
MinimumVisualStudioVersion = 10.0.40219.1
Project("{FAE04EC0-301F-11D3-BF4B-00C04F79EFBC}") = "Rss.Web", "Rss.Web\Rss.Web.csproj", "{8AE5E649-AF10-409A-AA04-2B1B722C3031}"
EndProject
Project("{FAE04EC0-301F-11D3-BF4B-00C04F79EFBC}") = "Rss.Cli", "Rss.Cli\Rss.Cli.csproj", "{C2459758-1AC7-4A4E-B79A-7EA42E16708E}"
EndProject
Project("{FAE04EC0-301F-11D3-BF4B-00C04F79EFBC}") = "Rss.Core", "Rss.Core\Rss.Core.csproj", "{C762E182-5E12-4FB6-89AA-4FD470EB871B}"
EndProject
Global
	GlobalSection(SolutionConfigurationPlatforms) = preSolution
		Debug|Any CPU = Debug|Any CPU
		Release|Any CPU = Release|Any CPU
	EndGlobalSection
	GlobalSection(ProjectConfigurationPlatforms) = postSolution
		{8AE5E649-AF10-409A-AA04-2B1B722C3031}.Debug|Any CPU.ActiveCfg = Debug|Any CPU
		{8AE5E649-AF10-409A-AA04-2B1B722C3031}.Debug|Any CPU.Build.0 = Debug|Any CPU
		{8AE5E649-AF10-409A-AA04-2B1B722C3031}.Release|Any CPU.ActiveCfg = Release|Any CPU
		{8AE5E649-AF10-409A-AA04-2B1B722C3031}.Release|Any CPU.Build.0 = Release|Any CPU
		{C2459758-1AC7-4A4E-B79A-7EA42E16708E}.Debug|Any CPU.ActiveCfg = Debug|Any CPU
		{C2459758-1AC7-4A4E-B79A-7EA42E16708E}.Debug|Any CPU.Build.0 = Debug|Any CPU
		{C2459758-1AC7-4A4E-B79A-7EA42E16708E}.Release|Any CPU.ActiveCfg = Release|Any CPU
		{C2459758-1AC7-4A4E-B79A-7EA42E16708E}.Release|Any CPU.Build.0 = Release|Any CPU
		{C762E182-5E12-4FB6-89AA-4FD470EB871B}.Debug|Any CPU.ActiveCfg = Debug|Any CPU
		{C762E182-5E12-4FB6-89AA-4FD470EB871B}.Debug|Any CPU.Build.0 = Debug|Any CPU
		{C762E182-5E12-4FB6-89AA-4FD470EB871B}.Release|Any CPU.ActiveCfg = Release|Any CPU
		{C762E182-5E12-4FB6-89AA-4FD470EB871B}.Release|Any CPU.Build.0 = Release|Any CPU
	EndGlobalSection
	GlobalSection(SolutionProperties) = preSolution
		HideSolutionNode = FALSE
	EndGlobalSection
	GlobalSection(ExtensibilityGlobals) = postSolution
		SolutionGuid = {3E911E9E-BC8F-4E12-8510-69C1D51FF2E0}
	EndGlobalSection
EndGlobal
